// !$*UTF8*$!
{
	archiveVersion = 1;
	classes = {
	};
	objectVersion = 77;
	objects = {

/* Begin PBXBuildFile section */
		7F3D3C832EFCBF6800D44AAF /* GoogleSignIn in Frameworks */ = {isa = PBXBuildFile; productRef = 7F3D3C822EFCBF6800D44AAF /* GoogleSignIn */; };
		7F3D3C862EFCC03900D44AAF /* GoogleAPIClientForRESTCore in Frameworks */ = {isa = PBXBuildFile; productRef = 7F3D3C852EFCC03900D44AAF /* GoogleAPIClientForRESTCore */; };
		7F3D3C882EFCC03900D44AAF /* GoogleAPIClientForREST_Calendar in Frameworks */ = {isa = PBXBuildFile; productRef = 7F3D3C872EFCC03900D44AAF /* GoogleAPIClientForREST_Calendar */; };
/* End PBXBuildFile section */

/* Begin PBXBuildRule section */
		7F3D3C802EFCBE1600D44AAF /* PBXBuildRule */ = {
			isa = PBXBuildRule;
			compilerSpec = com.apple.compilers.proxy.script;
			fileType = pattern.proxy;
			inputFiles = (
			);
			isEditable = 1;
			outputFiles = (
			);
			script = "# Type a script or drag a script file from your workspace to insert its path.\n";
		};
/* End PBXBuildRule section */

/* Begin PBXContainerItemProxy section */
		7F3D3C4A2EFCBADA00D44AAF /* PBXContainerItemProxy */ = {
			isa = PBXContainerItemProxy;
			containerPortal = 7F3D3C342EFCBAD900D44AAF /* Project object */;
			proxyType = 1;
			remoteGlobalIDString = 7F3D3C3B2EFCBAD900D44AAF;
			remoteInfo = Anchor;
		};
		7F3D3C542EFCBADA00D44AAF /* PBXContainerItemProxy */ = {
			isa = PBXContainerItemProxy;
			containerPortal = 7F3D3C342EFCBAD900D44AAF /* Project object */;
			proxyType = 1;
			remoteGlobalIDString = 7F3D3C3B2EFCBAD900D44AAF;
			remoteInfo = Anchor;
		};
/* End PBXContainerItemProxy section */

/* Begin PBXFileReference section */
		7F3D3C3C2EFCBAD900D44AAF /* Anchor.app */ = {isa = PBXFileReference; explicitFileType = wrapper.application; includeInIndex = 0; path = Anchor.app; sourceTree = BUILT_PRODUCTS_DIR; };
		7F3D3C492EFCBADA00D44AAF /* AnchorTests.xctest */ = {isa = PBXFileReference; explicitFileType = wrapper.cfbundle; includeInIndex = 0; path = AnchorTests.xctest; sourceTree = BUILT_PRODUCTS_DIR; };
		7F3D3C532EFCBADA00D44AAF /* AnchorUITests.xctest */ = {isa = PBXFileReference; explicitFileType = wrapper.cfbundle; includeInIndex = 0; path = AnchorUITests.xctest; sourceTree = BUILT_PRODUCTS_DIR; };
/* End PBXFileReference section */

/* Begin PBXFileSystemSynchronizedRootGroup section */
		7F3D3C3E2EFCBAD900D44AAF /* Anchor */ = {
			isa = PBXFileSystemSynchronizedRootGroup;
			path = Anchor;
			sourceTree = "<group>";
		};
		7F3D3C4C2EFCBADA00D44AAF /* AnchorTests */ = {
			isa = PBXFileSystemSynchronizedRootGroup;
			path = AnchorTests;
			sourceTree = "<group>";
		};
		7F3D3C562EFCBADA00D44AAF /* AnchorUITests */ = {
			isa = PBXFileSystemSynchronizedRootGroup;
			path = AnchorUITests;
			sourceTree = "<group>";
		};
/* End PBXFileSystemSynchronizedRootGroup section */

/* Begin PBXFrameworksBuildPhase section */
		7F3D3C392EFCBAD900D44AAF /* Frameworks */ = {
			isa = PBXFrameworksBuildPhase;
			buildActionMask = 2147483647;
			files = (
				7F3D3C862EFCC03900D44AAF /* GoogleAPIClientForRESTCore in Frameworks */,
				7F3D3C882EFCC03900D44AAF /* GoogleAPIClientForREST_Calendar in Frameworks */,
				7F3D3C832EFCBF6800D44AAF /* GoogleSignIn in Frameworks */,
			);
			runOnlyForDeploymentPostprocessing = 0;
		};
		7F3D3C462EFCBADA00D44AAF /* Frameworks */ = {
			isa = PBXFrameworksBuildPhase;
			buildActionMask = 2147483647;
			files = (
			);
			runOnlyForDeploymentPostprocessing = 0;
		};
		7F3D3C502EFCBADA00D44AAF /* Frameworks */ = {
			isa = PBXFrameworksBuildPhase;
			buildActionMask = 2147483647;
			files = (
			);
			runOnlyForDeploymentPostprocessing = 0;
		};
/* End PBXFrameworksBuildPhase section */

/* Begin PBXGroup section */
		7F3D3C332EFCBAD900D44AAF = {
			isa = PBXGroup;
			children = (
				7F3D3C3E2EFCBAD900D44AAF /* Anchor */,
				7F3D3C4C2EFCBADA00D44AAF /* AnchorTests */,
				7F3D3C562EFCBADA00D44AAF /* AnchorUITests */,
				7F3D3C3D2EFCBAD900D44AAF /* Products */,
			);
			sourceTree = "<group>";
		};
		7F3D3C3D2EFCBAD900D44AAF /* Products */ = {
			isa = PBXGroup;
			children = (
				7F3D3C3C2EFCBAD900D44AAF /* Anchor.app */,
				7F3D3C492EFCBADA00D44AAF /* AnchorTests.xctest */,
				7F3D3C532EFCBADA00D44AAF /* AnchorUITests.xctest */,
			);
			name = Products;
			sourceTree = "<group>";
		};
/* End PBXGroup section */

/* Begin PBXNativeTarget section */
		7F3D3C3B2EFCBAD900D44AAF /* Anchor */ = {
			isa = PBXNativeTarget;
			buildConfigurationList = 7F3D3C5D2EFCBADA00D44AAF /* Build configuration list for PBXNativeTarget "Anchor" */;
			buildPhases = (
				7F3D3C382EFCBAD900D44AAF /* Sources */,
				7F3D3C392EFCBAD900D44AAF /* Frameworks */,
				7F3D3C3A2EFCBAD900D44AAF /* Resources */,
			);
			buildRules = (
				7F3D3C802EFCBE1600D44AAF /* PBXBuildRule */,
			);
			dependencies = (
			);
			fileSystemSynchronizedGroups = (
				7F3D3C3E2EFCBAD900D44AAF /* Anchor */,
			);
			name = Anchor;
			packageProductDependencies = (
				7F3D3C822EFCBF6800D44AAF /* GoogleSignIn */,
				7F3D3C852EFCC03900D44AAF /* GoogleAPIClientForRESTCore */,
				7F3D3C872EFCC03900D44AAF /* GoogleAPIClientForREST_Calendar */,
			);
			productName = Anchor;
			productReference = 7F3D3C3C2EFCBAD900D44AAF /* Anchor.app */;
			productType = "com.apple.product-type.application";
		};
		7F3D3C482EFCBADA00D44AAF /* AnchorTests */ = {
			isa = PBXNativeTarget;
			buildConfigurationList = 7F3D3C602EFCBADA00D44AAF /* Build configuration list for PBXNativeTarget "AnchorTests" */;
			buildPhases = (
				7F3D3C452EFCBADA00D44AAF /* Sources */,
				7F3D3C462EFCBADA00D44AAF /* Frameworks */,
				7F3D3C472EFCBADA00D44AAF /* Resources */,
			);
			buildRules = (
			);
			dependencies = (
				7F3D3C4B2EFCBADA00D44AAF /* PBXTargetDependency */,
			);
			fileSystemSynchronizedGroups = (
				7F3D3C4C2EFCBADA00D44AAF /* AnchorTests */,
			);
			name = AnchorTests;
			packageProductDependencies = (
			);
			productName = AnchorTests;
			productReference = 7F3D3C492EFCBADA00D44AAF /* AnchorTests.xctest */;
			productType = "com.apple.product-type.bundle.unit-test";
		};
		7F3D3C522EFCBADA00D44AAF /* AnchorUITests */ = {
			isa = PBXNativeTarget;
			buildConfigurationList = 7F3D3C632EFCBADA00D44AAF /* Build configuration list for PBXNativeTarget "AnchorUITests" */;
			buildPhases = (
				7F3D3C4F2EFCBADA00D44AAF /* Sources */,
				7F3D3C502EFCBADA00D44AAF /* Frameworks */,
				7F3D3C512EFCBADA00D44AAF /* Resources */,
			);
			buildRules = (
			);
			dependencies = (
				7F3D3C552EFCBADA00D44AAF /* PBXTargetDependency */,
			);
			fileSystemSynchronizedGroups = (
				7F3D3C562EFCBADA00D44AAF /* AnchorUITests */,
			);
			name = AnchorUITests;
			packageProductDependencies = (
			);
			productName = AnchorUITests;
			productReference = 7F3D3C532EFCBADA00D44AAF /* AnchorUITests.xctest */;
			productType = "com.apple.product-type.bundle.ui-testing";
		};
/* End PBXNativeTarget section */

/* Begin PBXProject section */
		7F3D3C342EFCBAD900D44AAF /* Project object */ = {
			isa = PBXProject;
			attributes = {
				BuildIndependentTargetsInParallel = 1;
				LastSwiftUpdateCheck = 1640;
				LastUpgradeCheck = 1640;
				TargetAttributes = {
					7F3D3C3B2EFCBAD900D44AAF = {
						CreatedOnToolsVersion = 16.4;
					};
					7F3D3C482EFCBADA00D44AAF = {
						CreatedOnToolsVersion = 16.4;
						TestTargetID = 7F3D3C3B2EFCBAD900D44AAF;
					};
					7F3D3C522EFCBADA00D44AAF = {
						CreatedOnToolsVersion = 16.4;
						TestTargetID = 7F3D3C3B2EFCBAD900D44AAF;
					};
				};
			};
			buildConfigurationList = 7F3D3C372EFCBAD900D44AAF /* Build configuration list for PBXProject "Anchor" */;
			developmentRegion = en;
			hasScannedForEncodings = 0;
			knownRegions = (
				en,
				Base,
			);
			mainGroup = 7F3D3C332EFCBAD900D44AAF;
			minimizedProjectReferenceProxies = 1;
			packageReferences = (
				7F3D3C812EFCBF6800D44AAF /* XCRemoteSwiftPackageReference "GoogleSignIn-iOS" */,
				7F3D3C842EFCC03900D44AAF /* XCRemoteSwiftPackageReference "google-api-objectivec-client-for-rest" */,
			);
			preferredProjectObjectVersion = 77;
			productRefGroup = 7F3D3C3D2EFCBAD900D44AAF /* Products */;
			projectDirPath = "";
			projectRoot = "";
			targets = (
				7F3D3C3B2EFCBAD900D44AAF /* Anchor */,
				7F3D3C482EFCBADA00D44AAF /* AnchorTests */,
				7F3D3C522EFCBADA00D44AAF /* AnchorUITests */,
			);
		};
/* End PBXProject section */

/* Begin PBXResourcesBuildPhase section */
		7F3D3C3A2EFCBAD900D44AAF /* Resources */ = {
			isa = PBXResourcesBuildPhase;
			buildActionMask = 2147483647;
			files = (
			);
			runOnlyForDeploymentPostprocessing = 0;
		};
		7F3D3C472EFCBADA00D44AAF /* Resources */ = {
			isa = PBXResourcesBuildPhase;
			buildActionMask = 2147483647;
			files = (
			);
			runOnlyForDeploymentPostprocessing = 0;
		};
		7F3D3C512EFCBADA00D44AAF /* Resources */ = {
			isa = PBXResourcesBuildPhase;
			buildActionMask = 2147483647;
			files = (
			);
			runOnlyForDeploymentPostprocessing = 0;
		};
/* End PBXResourcesBuildPhase section */

/* Begin PBXSourcesBuildPhase section */
		7F3D3C382EFCBAD900D44AAF /* Sources */ = {
			isa = PBXSourcesBuildPhase;
			buildActionMask = 2147483647;
			files = (
			);
			runOnlyForDeploymentPostprocessing = 0;
		};
		7F3D3C452EFCBADA00D44AAF /* Sources */ = {
			isa = PBXSourcesBuildPhase;
			buildActionMask = 2147483647;
			files = (
			);
			runOnlyForDeploymentPostprocessing = 0;
		};
		7F3D3C4F2EFCBADA00D44AAF /* Sources */ = {
			isa = PBXSourcesBuildPhase;
			buildActionMask = 2147483647;
			files = (
			);
			runOnlyForDeploymentPostprocessing = 0;
		};
/* End PBXSourcesBuildPhase section */

/* Begin PBXTargetDependency section */
		7F3D3C4B2EFCBADA00D44AAF /* PBXTargetDependency */ = {
			isa = PBXTargetDependency;
			target = 7F3D3C3B2EFCBAD900D44AAF /* Anchor */;
			targetProxy = 7F3D3C4A2EFCBADA00D44AAF /* PBXContainerItemProxy */;
		};
		7F3D3C552EFCBADA00D44AAF /* PBXTargetDependency */ = {
			isa = PBXTargetDependency;
			target = 7F3D3C3B2EFCBAD900D44AAF /* Anchor */;
			targetProxy = 7F3D3C542EFCBADA00D44AAF /* PBXContainerItemProxy */;
		};
/* End PBXTargetDependency section */

/* Begin XCBuildConfiguration section */
		7F3D3C5B2EFCBADA00D44AAF /* Debug */ = {
			isa = XCBuildConfiguration;
			buildSettings = {
				ALWAYS_SEARCH_USER_PATHS = NO;
				ASSETCATALOG_COMPILER_GENERATE_SWIFT_ASSET_SYMBOL_EXTENSIONS = YES;
				CLANG_ANALYZER_NONNULL = YES;
				CLANG_ANALYZER_NUMBER_OBJECT_CONVERSION = YES_AGGRESSIVE;
				CLANG_CXX_LANGUAGE_STANDARD = "gnu++20";
				CLANG_ENABLE_MODULES = YES;
				CLANG_ENABLE_OBJC_ARC = YES;
				CLANG_ENABLE_OBJC_WEAK = YES;
				CLANG_WARN_BLOCK_CAPTURE_AUTORELEASING = YES;
				CLANG_WARN_BOOL_CONVERSION = YES;
				CLANG_WARN_COMMA = YES;
				CLANG_WARN_CONSTANT_CONVERSION = YES;
				CLANG_WARN_DEPRECATED_OBJC_IMPLEMENTATIONS = YES;
				CLANG_WARN_DIRECT_OBJC_ISA_USAGE = YES_ERROR;
				CLANG_WARN_DOCUMENTATION_COMMENTS = YES;
				CLANG_WARN_EMPTY_BODY = YES;
				CLANG_WARN_ENUM_CONVERSION = YES;
				CLANG_WARN_INFINITE_RECURSION = YES;
				CLANG_WARN_INT_CONVERSION = YES;
				CLANG_WARN_NON_LITERAL_NULL_CONVERSION = YES;
				CLANG_WARN_OBJC_IMPLICIT_RETAIN_SELF = YES;
				CLANG_WARN_OBJC_LITERAL_CONVERSION = YES;
				CLANG_WARN_OBJC_ROOT_CLASS = YES_ERROR;
				CLANG_WARN_QUOTED_INCLUDE_IN_FRAMEWORK_HEADER = YES;
				CLANG_WARN_RANGE_LOOP_ANALYSIS = YES;
				CLANG_WARN_STRICT_PROTOTYPES = YES;
				CLANG_WARN_SUSPICIOUS_MOVE = YES;
				CLANG_WARN_UNGUARDED_AVAILABILITY = YES_AGGRESSIVE;
				CLANG_WARN_UNREACHABLE_CODE = YES;
				CLANG_WARN__DUPLICATE_METHOD_MATCH = YES;
				COPY_PHASE_STRIP = NO;
				DEBUG_INFORMATION_FORMAT = dwarf;
				DEVELOPMENT_TEAM = Q9U8G7HF99;
				ENABLE_STRICT_OBJC_MSGSEND = YES;
				ENABLE_TESTABILITY = YES;
				ENABLE_USER_SCRIPT_SANDBOXING = YES;
				GCC_C_LANGUAGE_STANDARD = gnu17;
				GCC_DYNAMIC_NO_PIC = NO;
				GCC_NO_COMMON_BLOCKS = YES;
				GCC_OPTIMIZATION_LEVEL = 0;
				GCC_PREPROCESSOR_DEFINITIONS = (
					"DEBUG=1",
					"$(inherited)",
				);
				GCC_WARN_64_TO_32_BIT_CONVERSION = YES;
				GCC_WARN_ABOUT_RETURN_TYPE = YES_ERROR;
				GCC_WARN_UNDECLARED_SELECTOR = YES;
				GCC_WARN_UNINITIALIZED_AUTOS = YES_AGGRESSIVE;
				GCC_WARN_UNUSED_FUNCTION = YES;
				GCC_WARN_UNUSED_VARIABLE = YES;
				IPHONEOS_DEPLOYMENT_TARGET = 18.5;
				LOCALIZATION_PREFERS_STRING_CATALOGS = YES;
				MTL_ENABLE_DEBUG_INFO = INCLUDE_SOURCE;
				MTL_FAST_MATH = YES;
				ONLY_ACTIVE_ARCH = YES;
				SDKROOT = iphoneos;
				SWIFT_ACTIVE_COMPILATION_CONDITIONS = "DEBUG $(inherited)";
				SWIFT_OPTIMIZATION_LEVEL = "-Onone";
			};
			name = Debug;
		};
		7F3D3C5C2EFCBADA00D44AAF /* Release */ = {
			isa = XCBuildConfiguration;
			buildSettings = {
				ALWAYS_SEARCH_USER_PATHS = NO;
				ASSETCATALOG_COMPILER_GENERATE_SWIFT_ASSET_SYMBOL_EXTENSIONS = YES;
				CLANG_ANALYZER_NONNULL = YES;
				CLANG_ANALYZER_NUMBER_OBJECT_CONVERSION = YES_AGGRESSIVE;
				CLANG_CXX_LANGUAGE_STANDARD = "gnu++20";
				CLANG_ENABLE_MODULES = YES;
				CLANG_ENABLE_OBJC_ARC = YES;
				CLANG_ENABLE_OBJC_WEAK = YES;
				CLANG_WARN_BLOCK_CAPTURE_AUTORELEASING = YES;
				CLANG_WARN_BOOL_CONVERSION = YES;
				CLANG_WARN_COMMA = YES;
				CLANG_WARN_CONSTANT_CONVERSION = YES;
				CLANG_WARN_DEPRECATED_OBJC_IMPLEMENTATIONS = YES;
				CLANG_WARN_DIRECT_OBJC_ISA_USAGE = YES_ERROR;
				CLANG_WARN_DOCUMENTATION_COMMENTS = YES;
				CLANG_WARN_EMPTY_BODY = YES;
				CLANG_WARN_ENUM_CONVERSION = YES;
				CLANG_WARN_INFINITE_RECURSION = YES;
				CLANG_WARN_INT_CONVERSION = YES;
				CLANG_WARN_NON_LITERAL_NULL_CONVERSION = YES;
				CLANG_WARN_OBJC_IMPLICIT_RETAIN_SELF = YES;
				CLANG_WARN_OBJC_LITERAL_CONVERSION = YES;
				CLANG_WARN_OBJC_ROOT_CLASS = YES_ERROR;
				CLANG_WARN_QUOTED_INCLUDE_IN_FRAMEWORK_HEADER = YES;
				CLANG_WARN_RANGE_LOOP_ANALYSIS = YES;
				CLANG_WARN_STRICT_PROTOTYPES = YES;
				CLANG_WARN_SUSPICIOUS_MOVE = YES;
				CLANG_WARN_UNGUARDED_AVAILABILITY = YES_AGGRESSIVE;
				CLANG_WARN_UNREACHABLE_CODE = YES;
				CLANG_WARN__DUPLICATE_METHOD_MATCH = YES;
				COPY_PHASE_STRIP = NO;
				DEBUG_INFORMATION_FORMAT = "dwarf-with-dsym";
				DEVELOPMENT_TEAM = Q9U8G7HF99;
				ENABLE_NS_ASSERTIONS = NO;
				ENABLE_STRICT_OBJC_MSGSEND = YES;
				ENABLE_USER_SCRIPT_SANDBOXING = YES;
				GCC_C_LANGUAGE_STANDARD = gnu17;
				GCC_NO_COMMON_BLOCKS = YES;
				GCC_WARN_64_TO_32_BIT_CONVERSION = YES;
				GCC_WARN_ABOUT_RETURN_TYPE = YES_ERROR;
				GCC_WARN_UNDECLARED_SELECTOR = YES;
				GCC_WARN_UNINITIALIZED_AUTOS = YES_AGGRESSIVE;
				GCC_WARN_UNUSED_FUNCTION = YES;
				GCC_WARN_UNUSED_VARIABLE = YES;
				IPHONEOS_DEPLOYMENT_TARGET = 18.5;
				LOCALIZATION_PREFERS_STRING_CATALOGS = YES;
				MTL_ENABLE_DEBUG_INFO = NO;
				MTL_FAST_MATH = YES;
				SDKROOT = iphoneos;
				SWIFT_COMPILATION_MODE = wholemodule;
				VALIDATE_PRODUCT = YES;
			};
			name = Release;
		};
		7F3D3C5E2EFCBADA00D44AAF /* Debug */ = {
			isa = XCBuildConfiguration;
			buildSettings = {
				ASSETCATALOG_COMPILER_APPICON_NAME = AppIcon;
				ASSETCATALOG_COMPILER_GLOBAL_ACCENT_COLOR_NAME = AccentColor;
				CODE_SIGN_STYLE = Automatic;
				CURRENT_PROJECT_VERSION = 1;
				DEVELOPMENT_TEAM = Q9U8G7HF99;
				ENABLE_PREVIEWS = YES;
				GENERATE_INFOPLIST_FILE = NO;
				INFOPLIST_FILE = "AnchorApp-Info.plist";
				LD_RUNPATH_SEARCH_PATHS = (
					"$(inherited)",
					"@executable_path/Frameworks",
				);
				MARKETING_VERSION = 1.0;
				PRODUCT_BUNDLE_IDENTIFIER = Yakka.Anchor;
				PRODUCT_NAME = "$(TARGET_NAME)";
				SWIFT_EMIT_LOC_STRINGS = YES;
				SWIFT_VERSION = 5.0;
				TARGETED_DEVICE_FAMILY = "1,2";
			};
			name = Debug;
		};
		7F3D3C5F2EFCBADA00D44AAF /* Release */ = {
			isa = XCBuildConfiguration;
			buildSettings = {
				ASSETCATALOG_COMPILER_APPICON_NAME = AppIcon;
				ASSETCATALOG_COMPILER_GLOBAL_ACCENT_COLOR_NAME = AccentColor;
				CODE_SIGN_STYLE = Automatic;
				CURRENT_PROJECT_VERSION = 1;
				DEVELOPMENT_TEAM = Q9U8G7HF99;
				ENABLE_PREVIEWS = YES;
				GENERATE_INFOPLIST_FILE = NO;
				INFOPLIST_FILE = "AnchorApp-Info.plist";
				LD_RUNPATH_SEARCH_PATHS = (
					"$(inherited)",
					"@executable_path/Frameworks",
				);
				MARKETING_VERSION = 1.0;
				PRODUCT_BUNDLE_IDENTIFIER = Yakka.Anchor;
				PRODUCT_NAME = "$(TARGET_NAME)";
				SWIFT_EMIT_LOC_STRINGS = YES;
				SWIFT_VERSION = 5.0;
				TARGETED_DEVICE_FAMILY = "1,2";
			};
			name = Release;
		};
		7F3D3C612EFCBADA00D44AAF /* Debug */ = {
			isa = XCBuildConfiguration;
			buildSettings = {
				BUNDLE_LOADER = "$(TEST_HOST)";
				CODE_SIGN_STYLE = Automatic;
				CURRENT_PROJECT_VERSION = 1;
				DEVELOPMENT_TEAM = Q9U8G7HF99;
				GENERATE_INFOPLIST_FILE = YES;
				IPHONEOS_DEPLOYMENT_TARGET = 18.5;
				MARKETING_VERSION = 1.0;
				PRODUCT_BUNDLE_IDENTIFIER = Yakka.AnchorTests;
				PRODUCT_NAME = "$(TARGET_NAME)";
				SWIFT_EMIT_LOC_STRINGS = NO;
				SWIFT_VERSION = 5.0;
				TARGETED_DEVICE_FAMILY = "1,2";
				TEST_HOST = "$(BUILT_PRODUCTS_DIR)/Anchor.app/$(BUNDLE_EXECUTABLE_FOLDER_PATH)/Anchor";
			};
			name = Debug;
		};
		7F3D3C622EFCBADA00D44AAF /* Release */ = {
			isa = XCBuildConfiguration;
			buildSettings = {
				BUNDLE_LOADER = "$(TEST_HOST)";
				CODE_SIGN_STYLE = Automatic;
				CURRENT_PROJECT_VERSION = 1;
				DEVELOPMENT_TEAM = Q9U8G7HF99;
				GENERATE_INFOPLIST_FILE = YES;
				IPHONEOS_DEPLOYMENT_TARGET = 18.5;
				MARKETING_VERSION = 1.0;
				PRODUCT_BUNDLE_IDENTIFIER = Yakka.AnchorTests;
				PRODUCT_NAME = "$(TARGET_NAME)";
				SWIFT_EMIT_LOC_STRINGS = NO;
				SWIFT_VERSION = 5.0;
				TARGETED_DEVICE_FAMILY = "1,2";
				TEST_HOST = "$(BUILT_PRODUCTS_DIR)/Anchor.app/$(BUNDLE_EXECUTABLE_FOLDER_PATH)/Anchor";
			};
			name = Release;
		};
		7F3D3C642EFCBADA00D44AAF /* Debug */ = {
			isa = XCBuildConfiguration;
			buildSettings = {
				CODE_SIGN_STYLE = Automatic;
				CURRENT_PROJECT_VERSION = 1;
				DEVELOPMENT_TEAM = Q9U8G7HF99;
				GENERATE_INFOPLIST_FILE = YES;
				MARKETING_VERSION = 1.0;
				PRODUCT_BUNDLE_IDENTIFIER = Yakka.AnchorUITests;
				PRODUCT_NAME = "$(TARGET_NAME)";
				SWIFT_EMIT_LOC_STRINGS = NO;
				SWIFT_VERSION = 5.0;
				TARGETED_DEVICE_FAMILY = "1,2";
				TEST_TARGET_NAME = Anchor;
			};
			name = Debug;
		};
		7F3D3C652EFCBADA00D44AAF /* Release */ = {
			isa = XCBuildConfiguration;
			buildSettings = {
				CODE_SIGN_STYLE = Automatic;
				CURRENT_PROJECT_VERSION = 1;
				DEVELOPMENT_TEAM = Q9U8G7HF99;
				GENERATE_INFOPLIST_FILE = YES;
				MARKETING_VERSION = 1.0;
				PRODUCT_BUNDLE_IDENTIFIER = Yakka.AnchorUITests;
				PRODUCT_NAME = "$(TARGET_NAME)";
				SWIFT_EMIT_LOC_STRINGS = NO;
				SWIFT_VERSION = 5.0;
				TARGETED_DEVICE_FAMILY = "1,2";
				TEST_TARGET_NAME = Anchor;
			};
			name = Release;
		};
/* End XCBuildConfiguration section */

/* Begin XCConfigurationList section */
		7F3D3C372EFCBAD900D44AAF /* Build configuration list for PBXProject "Anchor" */ = {
			isa = XCConfigurationList;
			buildConfigurations = (
				7F3D3C5B2EFCBADA00D44AAF /* Debug */,
				7F3D3C5C2EFCBADA00D44AAF /* Release */,
			);
			defaultConfigurationIsVisible = 0;
			defaultConfigurationName = Release;
		};
		7F3D3C5D2EFCBADA00D44AAF /* Build configuration list for PBXNativeTarget "Anchor" */ = {
			isa = XCConfigurationList;
			buildConfigurations = (
				7F3D3C5E2EFCBADA00D44AAF /* Debug */,
				7F3D3C5F2EFCBADA00D44AAF /* Release */,
			);
			defaultConfigurationIsVisible = 0;
			defaultConfigurationName = Release;
		};
		7F3D3C602EFCBADA00D44AAF /* Build configuration list for PBXNativeTarget "AnchorTests" */ = {
			isa = XCConfigurationList;
			buildConfigurations = (
				7F3D3C612EFCBADA00D44AAF /* Debug */,
				7F3D3C622EFCBADA00D44AAF /* Release */,
			);
			defaultConfigurationIsVisible = 0;
			defaultConfigurationName = Release;
		};
		7F3D3C632EFCBADA00D44AAF /* Build configuration list for PBXNativeTarget "AnchorUITests" */ = {
			isa = XCConfigurationList;
			buildConfigurations = (
				7F3D3C642EFCBADA00D44AAF /* Debug */,
				7F3D3C652EFCBADA00D44AAF /* Release */,
			);
			defaultConfigurationIsVisible = 0;
			defaultConfigurationName = Release;
		};
/* End XCConfigurationList section */

/* Begin XCRemoteSwiftPackageReference section */
		7F3D3C812EFCBF6800D44AAF /* XCRemoteSwiftPackageReference "GoogleSignIn-iOS" */ = {
			isa = XCRemoteSwiftPackageReference;
			repositoryURL = "https://github.com/google/GoogleSignIn-iOS.git";
			requirement = {
				kind = upToNextMajorVersion;
				minimumVersion = 9.0.0;
			};
		};
		7F3D3C842EFCC03900D44AAF /* XCRemoteSwiftPackageReference "google-api-objectivec-client-for-rest" */ = {
			isa = XCRemoteSwiftPackageReference;
			repositoryURL = "https://github.com/google/google-api-objectivec-client-for-rest.git";
			requirement = {
				branch = main;
				kind = branch;
			};
		};
/* End XCRemoteSwiftPackageReference section */

/* Begin XCSwiftPackageProductDependency section */
		7F3D3C822EFCBF6800D44AAF /* GoogleSignIn */ = {
			isa = XCSwiftPackageProductDependency;
			package = 7F3D3C812EFCBF6800D44AAF /* XCRemoteSwiftPackageReference "GoogleSignIn-iOS" */;
			productName = GoogleSignIn;
		};
		7F3D3C852EFCC03900D44AAF /* GoogleAPIClientForRESTCore */ = {
			isa = XCSwiftPackageProductDependency;
			package = 7F3D3C842EFCC03900D44AAF /* XCRemoteSwiftPackageReference "google-api-objectivec-client-for-rest" */;
			productName = GoogleAPIClientForRESTCore;
		};
		7F3D3C872EFCC03900D44AAF /* GoogleAPIClientForREST_Calendar */ = {
			isa = XCSwiftPackageProductDependency;
			package = 7F3D3C842EFCC03900D44AAF /* XCRemoteSwiftPackageReference "google-api-objectivec-client-for-rest" */;
			productName = GoogleAPIClientForREST_Calendar;
		};
/* End XCSwiftPackageProductDependency section */
	};
	rootObject = 7F3D3C342EFCBAD900D44AAF /* Project object */;
}
